
Microsoft Visual Studio Solution File, Format Version 12.00
Project("{F2A71F9B-5D33-465A-A702-920D77279786}") = "Pipe_Nesting", "Pipe_Nesting\Pipe_Nesting.fsproj", "{D25E2049-9DF5-4655-B0C8-048D4C88E06C}"
EndProject
Global
	GlobalSection(SolutionConfigurationPlatforms) = preSolution
		Debug|Any CPU = Debug|Any CPU
		Release|Any CPU = Release|Any CPU
	EndGlobalSection
	GlobalSection(ProjectConfigurationPlatforms) = postSolution
		{D25E2049-9DF5-4655-B0C8-048D4C88E06C}.Debug|Any CPU.ActiveCfg = Debug|Any CPU
		{D25E2049-9DF5-4655-B0C8-048D4C88E06C}.Debug|Any CPU.Build.0 = Debug|Any CPU
		{D25E2049-9DF5-4655-B0C8-048D4C88E06C}.Release|Any CPU.ActiveCfg = Release|Any CPU
		{D25E2049-9DF5-4655-B0C8-048D4C88E06C}.Release|Any CPU.Build.0 = Release|Any CPU
	EndGlobalSection
EndGlobal
